
Microsoft Visual Studio Solution File, Format Version 12.00
# Visual Studio Version 17
VisualStudioVersion = 17.3.32901.215
MinimumVisualStudioVersion = 10.0.40219.1
Project("{FAE04EC0-301F-11D3-BF4B-00C04F79EFBC}") = "Windows-App-1", "Windows-App-1.csproj", "{5C64A603-CD6F-432B-AB8E-031D2F524202}"
EndProject
Global
	GlobalSection(SolutionConfigurationPlatforms) = preSolution
		Debug|Any CPU = Debug|Any CPU
		Release|Any CPU = Release|Any CPU
	EndGlobalSection
	GlobalSection(ProjectConfigurationPlatforms) = postSolution
		{5C64A603-CD6F-432B-AB8E-031D2F524202}.Debug|Any CPU.ActiveCfg = Debug|Any CPU
		{5C64A603-CD6F-432B-AB8E-031D2F524202}.Debug|Any CPU.Build.0 = Debug|Any CPU
		{5C64A603-CD6F-432B-AB8E-031D2F524202}.Release|Any CPU.ActiveCfg = Release|Any CPU
		{5C64A603-CD6F-432B-AB8E-031D2F524202}.Release|Any CPU.Build.0 = Release|Any CPU
	EndGlobalSection
	GlobalSection(SolutionProperties) = preSolution
		HideSolutionNode = FALSE
	EndGlobalSection
	GlobalSection(ExtensibilityGlobals) = postSolution
		SolutionGuid = {C9E326FE-A357-4683-818A-D21A2C56FF0C}
	EndGlobalSection
EndGlobal
