
Microsoft Visual Studio Solution File, Format Version 12.00
# Visual Studio Version 17
VisualStudioVersion = 17.3.32901.215
MinimumVisualStudioVersion = 10.0.40219.1
Project("{9A19103F-16F7-4668-BE54-9A1E7A4F7556}") = "LAB 1", "LAB 1.csproj", "{38AD249C-48C0-4CF0-8BA6-C3BB5B66D329}"
EndProject
Project("{9A19103F-16F7-4668-BE54-9A1E7A4F7556}") = "LAB2", "..\LAB2\LAB2.csproj", "{89BB726E-7722-4A26-8478-EE16AC51A7D2}"
EndProject
Project("{9A19103F-16F7-4668-BE54-9A1E7A4F7556}") = "LAB3", "..\LAB3\LAB3.csproj", "{CBE73D06-D4EC-4B8E-814A-C9F643F7B0F9}"
EndProject
Global
	GlobalSection(SolutionConfigurationPlatforms) = preSolution
		Debug|Any CPU = Debug|Any CPU
		Release|Any CPU = Release|Any CPU
	EndGlobalSection
	GlobalSection(ProjectConfigurationPlatforms) = postSolution
		{38AD249C-48C0-4CF0-8BA6-C3BB5B66D329}.Debug|Any CPU.ActiveCfg = Debug|Any CPU
		{38AD249C-48C0-4CF0-8BA6-C3BB5B66D329}.Debug|Any CPU.Build.0 = Debug|Any CPU
		{38AD249C-48C0-4CF0-8BA6-C3BB5B66D329}.Release|Any CPU.ActiveCfg = Release|Any CPU
		{38AD249C-48C0-4CF0-8BA6-C3BB5B66D329}.Release|Any CPU.Build.0 = Release|Any CPU
		{89BB726E-7722-4A26-8478-EE16AC51A7D2}.Debug|Any CPU.ActiveCfg = Debug|Any CPU
		{89BB726E-7722-4A26-8478-EE16AC51A7D2}.Debug|Any CPU.Build.0 = Debug|Any CPU
		{89BB726E-7722-4A26-8478-EE16AC51A7D2}.Release|Any CPU.ActiveCfg = Release|Any CPU
		{89BB726E-7722-4A26-8478-EE16AC51A7D2}.Release|Any CPU.Build.0 = Release|Any CPU
		{CBE73D06-D4EC-4B8E-814A-C9F643F7B0F9}.Debug|Any CPU.ActiveCfg = Debug|Any CPU
		{CBE73D06-D4EC-4B8E-814A-C9F643F7B0F9}.Debug|Any CPU.Build.0 = Debug|Any CPU
		{CBE73D06-D4EC-4B8E-814A-C9F643F7B0F9}.Release|Any CPU.ActiveCfg = Release|Any CPU
		{CBE73D06-D4EC-4B8E-814A-C9F643F7B0F9}.Release|Any CPU.Build.0 = Release|Any CPU
	EndGlobalSection
	GlobalSection(SolutionProperties) = preSolution
		HideSolutionNode = FALSE
	EndGlobalSection
	GlobalSection(ExtensibilityGlobals) = postSolution
		SolutionGuid = {894D0CD4-0295-4216-A14C-272AE0B7E34F}
	EndGlobalSection
EndGlobal
