
Microsoft Visual Studio Solution File, Format Version 12.00
# Visual Studio Version 17
VisualStudioVersion = 17.5.33424.131
MinimumVisualStudioVersion = 10.0.40219.1
Project("{FAE04EC0-301F-11D3-BF4B-00C04F79EFBC}") = "WindowsFormsApp4", "WindowsFormsApp4.csproj", "{F46B957A-B1D2-4061-ADAA-960A7207C170}"
EndProject
Global
	GlobalSection(SolutionConfigurationPlatforms) = preSolution
		Debug|Any CPU = Debug|Any CPU
		Release|Any CPU = Release|Any CPU
	EndGlobalSection
	GlobalSection(ProjectConfigurationPlatforms) = postSolution
		{F46B957A-B1D2-4061-ADAA-960A7207C170}.Debug|Any CPU.ActiveCfg = Debug|Any CPU
		{F46B957A-B1D2-4061-ADAA-960A7207C170}.Debug|Any CPU.Build.0 = Debug|Any CPU
		{F46B957A-B1D2-4061-ADAA-960A7207C170}.Release|Any CPU.ActiveCfg = Release|Any CPU
		{F46B957A-B1D2-4061-ADAA-960A7207C170}.Release|Any CPU.Build.0 = Release|Any CPU
	EndGlobalSection
	GlobalSection(SolutionProperties) = preSolution
		HideSolutionNode = FALSE
	EndGlobalSection
	GlobalSection(ExtensibilityGlobals) = postSolution
		SolutionGuid = {19837A5B-B879-4819-9AA1-6224A81D2698}
	EndGlobalSection
EndGlobal
